
Microsoft Visual Studio Solution File, Format Version 11.00
# Visual Studio 2010
Project("{FAE04EC0-301F-11D3-BF4B-00C04F79EFBC}") = "Basic.Collection.Statistics", "Basic.Implementation\Basic.Collection.Statistics\Basic.Collection.Statistics.csproj", "{4E57DA7D-6F23-4029-97B7-7A2A173548D3}"
EndProject
Project("{FAE04EC0-301F-11D3-BF4B-00C04F79EFBC}") = "CommonTypesLibrary", "Collection.Statistics.CommonTypesLib\CommonTypesLibrary.csproj", "{DB600A92-6952-4227-AE09-0C0C68A22135}"
EndProject
Project("{FAE04EC0-301F-11D3-BF4B-00C04F79EFBC}") = "OutputLibrary", "OutputLibrary\OutputLibrary.csproj", "{DE3CC6C4-E0CA-4857-A0E2-C4249FC4D277}"
EndProject
Project("{FAE04EC0-301F-11D3-BF4B-00C04F79EFBC}") = "CollectionTypesLibrary", "CollectionTypesLibrary\CollectionTypesLibrary.csproj", "{0438B766-B5BC-4567-96C5-A48E92239F2A}"
EndProject
Project("{FAE04EC0-301F-11D3-BF4B-00C04F79EFBC}") = "Application", "Application\Application.csproj", "{F9E51034-BEF0-457F-95A3-DF837C407D8D}"
EndProject
Global
	GlobalSection(SolutionConfigurationPlatforms) = preSolution
		Debug|Any CPU = Debug|Any CPU
		Debug|Mixed Platforms = Debug|Mixed Platforms
		Debug|x86 = Debug|x86
		Release|Any CPU = Release|Any CPU
		Release|Mixed Platforms = Release|Mixed Platforms
		Release|x86 = Release|x86
	EndGlobalSection
	GlobalSection(ProjectConfigurationPlatforms) = postSolution
		{4E57DA7D-6F23-4029-97B7-7A2A173548D3}.Debug|Any CPU.ActiveCfg = Debug|x86
		{4E57DA7D-6F23-4029-97B7-7A2A173548D3}.Debug|Mixed Platforms.ActiveCfg = Debug|x86
		{4E57DA7D-6F23-4029-97B7-7A2A173548D3}.Debug|Mixed Platforms.Build.0 = Debug|x86
		{4E57DA7D-6F23-4029-97B7-7A2A173548D3}.Debug|x86.ActiveCfg = Debug|x86
		{4E57DA7D-6F23-4029-97B7-7A2A173548D3}.Debug|x86.Build.0 = Debug|x86
		{4E57DA7D-6F23-4029-97B7-7A2A173548D3}.Release|Any CPU.ActiveCfg = Release|x86
		{4E57DA7D-6F23-4029-97B7-7A2A173548D3}.Release|Mixed Platforms.ActiveCfg = Release|x86
		{4E57DA7D-6F23-4029-97B7-7A2A173548D3}.Release|Mixed Platforms.Build.0 = Release|x86
		{4E57DA7D-6F23-4029-97B7-7A2A173548D3}.Release|x86.ActiveCfg = Release|x86
		{4E57DA7D-6F23-4029-97B7-7A2A173548D3}.Release|x86.Build.0 = Release|x86
		{DB600A92-6952-4227-AE09-0C0C68A22135}.Debug|Any CPU.ActiveCfg = Debug|Any CPU
		{DB600A92-6952-4227-AE09-0C0C68A22135}.Debug|Any CPU.Build.0 = Debug|Any CPU
		{DB600A92-6952-4227-AE09-0C0C68A22135}.Debug|Mixed Platforms.ActiveCfg = Debug|Any CPU
		{DB600A92-6952-4227-AE09-0C0C68A22135}.Debug|Mixed Platforms.Build.0 = Debug|Any CPU
		{DB600A92-6952-4227-AE09-0C0C68A22135}.Debug|x86.ActiveCfg = Debug|Any CPU
		{DB600A92-6952-4227-AE09-0C0C68A22135}.Release|Any CPU.ActiveCfg = Release|Any CPU
		{DB600A92-6952-4227-AE09-0C0C68A22135}.Release|Any CPU.Build.0 = Release|Any CPU
		{DB600A92-6952-4227-AE09-0C0C68A22135}.Release|Mixed Platforms.ActiveCfg = Release|Any CPU
		{DB600A92-6952-4227-AE09-0C0C68A22135}.Release|Mixed Platforms.Build.0 = Release|Any CPU
		{DB600A92-6952-4227-AE09-0C0C68A22135}.Release|x86.ActiveCfg = Release|Any CPU
		{DE3CC6C4-E0CA-4857-A0E2-C4249FC4D277}.Debug|Any CPU.ActiveCfg = Debug|Any CPU
		{DE3CC6C4-E0CA-4857-A0E2-C4249FC4D277}.Debug|Any CPU.Build.0 = Debug|Any CPU
		{DE3CC6C4-E0CA-4857-A0E2-C4249FC4D277}.Debug|Mixed Platforms.ActiveCfg = Debug|Any CPU
		{DE3CC6C4-E0CA-4857-A0E2-C4249FC4D277}.Debug|Mixed Platforms.Build.0 = Debug|Any CPU
		{DE3CC6C4-E0CA-4857-A0E2-C4249FC4D277}.Debug|x86.ActiveCfg = Debug|Any CPU
		{DE3CC6C4-E0CA-4857-A0E2-C4249FC4D277}.Release|Any CPU.ActiveCfg = Release|Any CPU
		{DE3CC6C4-E0CA-4857-A0E2-C4249FC4D277}.Release|Any CPU.Build.0 = Release|Any CPU
		{DE3CC6C4-E0CA-4857-A0E2-C4249FC4D277}.Release|Mixed Platforms.ActiveCfg = Release|Any CPU
		{DE3CC6C4-E0CA-4857-A0E2-C4249FC4D277}.Release|Mixed Platforms.Build.0 = Release|Any CPU
		{DE3CC6C4-E0CA-4857-A0E2-C4249FC4D277}.Release|x86.ActiveCfg = Release|Any CPU
		{0438B766-B5BC-4567-96C5-A48E92239F2A}.Debug|Any CPU.ActiveCfg = Debug|Any CPU
		{0438B766-B5BC-4567-96C5-A48E92239F2A}.Debug|Any CPU.Build.0 = Debug|Any CPU
		{0438B766-B5BC-4567-96C5-A48E92239F2A}.Debug|Mixed Platforms.ActiveCfg = Debug|Any CPU
		{0438B766-B5BC-4567-96C5-A48E92239F2A}.Debug|Mixed Platforms.Build.0 = Debug|Any CPU
		{0438B766-B5BC-4567-96C5-A48E92239F2A}.Debug|x86.ActiveCfg = Debug|Any CPU
		{0438B766-B5BC-4567-96C5-A48E92239F2A}.Release|Any CPU.ActiveCfg = Release|Any CPU
		{0438B766-B5BC-4567-96C5-A48E92239F2A}.Release|Any CPU.Build.0 = Release|Any CPU
		{0438B766-B5BC-4567-96C5-A48E92239F2A}.Release|Mixed Platforms.ActiveCfg = Release|Any CPU
		{0438B766-B5BC-4567-96C5-A48E92239F2A}.Release|Mixed Platforms.Build.0 = Release|Any CPU
		{0438B766-B5BC-4567-96C5-A48E92239F2A}.Release|x86.ActiveCfg = Release|Any CPU
		{F9E51034-BEF0-457F-95A3-DF837C407D8D}.Debug|Any CPU.ActiveCfg = Debug|Any CPU
		{F9E51034-BEF0-457F-95A3-DF837C407D8D}.Debug|Any CPU.Build.0 = Debug|Any CPU
		{F9E51034-BEF0-457F-95A3-DF837C407D8D}.Debug|Mixed Platforms.ActiveCfg = Debug|Any CPU
		{F9E51034-BEF0-457F-95A3-DF837C407D8D}.Debug|Mixed Platforms.Build.0 = Debug|Any CPU
		{F9E51034-BEF0-457F-95A3-DF837C407D8D}.Debug|x86.ActiveCfg = Debug|Any CPU
		{F9E51034-BEF0-457F-95A3-DF837C407D8D}.Release|Any CPU.ActiveCfg = Release|Any CPU
		{F9E51034-BEF0-457F-95A3-DF837C407D8D}.Release|Any CPU.Build.0 = Release|Any CPU
		{F9E51034-BEF0-457F-95A3-DF837C407D8D}.Release|Mixed Platforms.ActiveCfg = Release|Any CPU
		{F9E51034-BEF0-457F-95A3-DF837C407D8D}.Release|Mixed Platforms.Build.0 = Release|Any CPU
		{F9E51034-BEF0-457F-95A3-DF837C407D8D}.Release|x86.ActiveCfg = Release|Any CPU
	EndGlobalSection
	GlobalSection(SolutionProperties) = preSolution
		HideSolutionNode = FALSE
	EndGlobalSection
EndGlobal
