
Microsoft Visual Studio Solution File, Format Version 11.00
# Visual Studio 2010
Project("{FAE04EC0-301F-11D3-BF4B-00C04F79EFBC}") = "Basic.Collection.Statistics", "Basic.Implementation\Basic.Collection.Statistics\Basic.Collection.Statistics.csproj", "{4E57DA7D-6F23-4029-97B7-7A2A173548D3}"
EndProject
Project("{FAE04EC0-301F-11D3-BF4B-00C04F79EFBC}") = "CommonTypesLibrary", "Collection.Statistics.CommonTypesLib\CommonTypesLibrary.csproj", "{DB600A92-6952-4227-AE09-0C0C68A22135}"
EndProject
Project("{FAE04EC0-301F-11D3-BF4B-00C04F79EFBC}") = "OutputLibrary", "OutputLibrary\OutputLibrary.csproj", "{DE3CC6C4-E0CA-4857-A0E2-C4249FC4D277}"
EndProject
Project("{FAE04EC0-301F-11D3-BF4B-00C04F79EFBC}") = "CollectionTypesLibrary", "CollectionTypesLibrary\CollectionTypesLibrary.csproj", "{0438B766-B5BC-4567-96C5-A48E92239F2A}"
EndProject
Project("{FAE04EC0-301F-11D3-BF4B-00C04F79EFBC}") = "Application", "Application\Application.csproj", "{F9E51034-BEF0-457F-95A3-DF837C407D8D}"
EndProject
Project("{2150E333-8FDC-42A3-9474-1A3956D46DE8}") = "Unused", "Unused", "{55489C14-C26E-47FB-80E8-D8ED9095D6BB}"
EndProject
Project("{FAE04EC0-301F-11D3-BF4B-00C04F79EFBC}") = "InterfacesLibrary", "InterfacesLibrary\InterfacesLibrary.csproj", "{378D0865-782A-4EDC-BA5A-A735F813378B}"
EndProject
Project("{2150E333-8FDC-42A3-9474-1A3956D46DE8}") = "Tests", "Tests", "{232D8BD9-4F3B-4932-8458-72DA994A1866}"
EndProject
Project("{FAE04EC0-301F-11D3-BF4B-00C04F79EFBC}") = "OutputLibrary.Tests", "OutputLibrary.Tests\OutputLibrary.Tests.csproj", "{E35D9306-A65B-434F-9E10-DCDE2393E97F}"
EndProject
Project("{2150E333-8FDC-42A3-9474-1A3956D46DE8}") = "Solution Items", "Solution Items", "{9D8E163F-6A5C-4D87-AEDE-EEB4B74D9126}"
	ProjectSection(SolutionItems) = preProject
		Collection.Statistics.vsmdi = Collection.Statistics.vsmdi
		Local.testsettings = Local.testsettings
		TraceAndTestImpact.testsettings = TraceAndTestImpact.testsettings
	EndProjectSection
EndProject
Project("{FAE04EC0-301F-11D3-BF4B-00C04F79EFBC}") = "CollectionTypesLibrary.Tests", "CollectionTypesLibrary.Tests\CollectionTypesLibrary.Tests.csproj", "{28868AFC-1A64-48C5-A265-811BA7462D99}"
EndProject
Project("{FAE04EC0-301F-11D3-BF4B-00C04F79EFBC}") = "Application.Tests", "Application.Tests\Application.Tests.csproj", "{973CA44F-77BE-4264-B954-E5B135A4D2E2}"
EndProject
Global
	GlobalSection(TestCaseManagementSettings) = postSolution
		CategoryFile = Collection.Statistics.vsmdi
	EndGlobalSection
	GlobalSection(SolutionConfigurationPlatforms) = preSolution
		Debug|Any CPU = Debug|Any CPU
		Debug|Mixed Platforms = Debug|Mixed Platforms
		Debug|x86 = Debug|x86
		Release|Any CPU = Release|Any CPU
		Release|Mixed Platforms = Release|Mixed Platforms
		Release|x86 = Release|x86
	EndGlobalSection
	GlobalSection(ProjectConfigurationPlatforms) = postSolution
		{4E57DA7D-6F23-4029-97B7-7A2A173548D3}.Debug|Any CPU.ActiveCfg = Debug|x86
		{4E57DA7D-6F23-4029-97B7-7A2A173548D3}.Debug|Mixed Platforms.ActiveCfg = Debug|x86
		{4E57DA7D-6F23-4029-97B7-7A2A173548D3}.Debug|Mixed Platforms.Build.0 = Debug|x86
		{4E57DA7D-6F23-4029-97B7-7A2A173548D3}.Debug|x86.ActiveCfg = Debug|x86
		{4E57DA7D-6F23-4029-97B7-7A2A173548D3}.Debug|x86.Build.0 = Debug|x86
		{4E57DA7D-6F23-4029-97B7-7A2A173548D3}.Release|Any CPU.ActiveCfg = Release|x86
		{4E57DA7D-6F23-4029-97B7-7A2A173548D3}.Release|Mixed Platforms.ActiveCfg = Release|x86
		{4E57DA7D-6F23-4029-97B7-7A2A173548D3}.Release|Mixed Platforms.Build.0 = Release|x86
		{4E57DA7D-6F23-4029-97B7-7A2A173548D3}.Release|x86.ActiveCfg = Release|x86
		{4E57DA7D-6F23-4029-97B7-7A2A173548D3}.Release|x86.Build.0 = Release|x86
		{DB600A92-6952-4227-AE09-0C0C68A22135}.Debug|Any CPU.ActiveCfg = Debug|Any CPU
		{DB600A92-6952-4227-AE09-0C0C68A22135}.Debug|Any CPU.Build.0 = Debug|Any CPU
		{DB600A92-6952-4227-AE09-0C0C68A22135}.Debug|Mixed Platforms.ActiveCfg = Debug|Any CPU
		{DB600A92-6952-4227-AE09-0C0C68A22135}.Debug|Mixed Platforms.Build.0 = Debug|Any CPU
		{DB600A92-6952-4227-AE09-0C0C68A22135}.Debug|x86.ActiveCfg = Debug|Any CPU
		{DB600A92-6952-4227-AE09-0C0C68A22135}.Release|Any CPU.ActiveCfg = Release|Any CPU
		{DB600A92-6952-4227-AE09-0C0C68A22135}.Release|Any CPU.Build.0 = Release|Any CPU
		{DB600A92-6952-4227-AE09-0C0C68A22135}.Release|Mixed Platforms.ActiveCfg = Release|Any CPU
		{DB600A92-6952-4227-AE09-0C0C68A22135}.Release|Mixed Platforms.Build.0 = Release|Any CPU
		{DB600A92-6952-4227-AE09-0C0C68A22135}.Release|x86.ActiveCfg = Release|Any CPU
		{DE3CC6C4-E0CA-4857-A0E2-C4249FC4D277}.Debug|Any CPU.ActiveCfg = Debug|Any CPU
		{DE3CC6C4-E0CA-4857-A0E2-C4249FC4D277}.Debug|Any CPU.Build.0 = Debug|Any CPU
		{DE3CC6C4-E0CA-4857-A0E2-C4249FC4D277}.Debug|Mixed Platforms.ActiveCfg = Debug|Any CPU
		{DE3CC6C4-E0CA-4857-A0E2-C4249FC4D277}.Debug|Mixed Platforms.Build.0 = Debug|Any CPU
		{DE3CC6C4-E0CA-4857-A0E2-C4249FC4D277}.Debug|x86.ActiveCfg = Debug|Any CPU
		{DE3CC6C4-E0CA-4857-A0E2-C4249FC4D277}.Release|Any CPU.ActiveCfg = Release|Any CPU
		{DE3CC6C4-E0CA-4857-A0E2-C4249FC4D277}.Release|Any CPU.Build.0 = Release|Any CPU
		{DE3CC6C4-E0CA-4857-A0E2-C4249FC4D277}.Release|Mixed Platforms.ActiveCfg = Release|Any CPU
		{DE3CC6C4-E0CA-4857-A0E2-C4249FC4D277}.Release|Mixed Platforms.Build.0 = Release|Any CPU
		{DE3CC6C4-E0CA-4857-A0E2-C4249FC4D277}.Release|x86.ActiveCfg = Release|Any CPU
		{0438B766-B5BC-4567-96C5-A48E92239F2A}.Debug|Any CPU.ActiveCfg = Debug|Any CPU
		{0438B766-B5BC-4567-96C5-A48E92239F2A}.Debug|Any CPU.Build.0 = Debug|Any CPU
		{0438B766-B5BC-4567-96C5-A48E92239F2A}.Debug|Mixed Platforms.ActiveCfg = Debug|Any CPU
		{0438B766-B5BC-4567-96C5-A48E92239F2A}.Debug|Mixed Platforms.Build.0 = Debug|Any CPU
		{0438B766-B5BC-4567-96C5-A48E92239F2A}.Debug|x86.ActiveCfg = Debug|Any CPU
		{0438B766-B5BC-4567-96C5-A48E92239F2A}.Release|Any CPU.ActiveCfg = Release|Any CPU
		{0438B766-B5BC-4567-96C5-A48E92239F2A}.Release|Any CPU.Build.0 = Release|Any CPU
		{0438B766-B5BC-4567-96C5-A48E92239F2A}.Release|Mixed Platforms.ActiveCfg = Release|Any CPU
		{0438B766-B5BC-4567-96C5-A48E92239F2A}.Release|Mixed Platforms.Build.0 = Release|Any CPU
		{0438B766-B5BC-4567-96C5-A48E92239F2A}.Release|x86.ActiveCfg = Release|Any CPU
		{F9E51034-BEF0-457F-95A3-DF837C407D8D}.Debug|Any CPU.ActiveCfg = Debug|Any CPU
		{F9E51034-BEF0-457F-95A3-DF837C407D8D}.Debug|Any CPU.Build.0 = Debug|Any CPU
		{F9E51034-BEF0-457F-95A3-DF837C407D8D}.Debug|Mixed Platforms.ActiveCfg = Debug|Any CPU
		{F9E51034-BEF0-457F-95A3-DF837C407D8D}.Debug|Mixed Platforms.Build.0 = Debug|Any CPU
		{F9E51034-BEF0-457F-95A3-DF837C407D8D}.Debug|x86.ActiveCfg = Debug|Any CPU
		{F9E51034-BEF0-457F-95A3-DF837C407D8D}.Release|Any CPU.ActiveCfg = Release|Any CPU
		{F9E51034-BEF0-457F-95A3-DF837C407D8D}.Release|Any CPU.Build.0 = Release|Any CPU
		{F9E51034-BEF0-457F-95A3-DF837C407D8D}.Release|Mixed Platforms.ActiveCfg = Release|Any CPU
		{F9E51034-BEF0-457F-95A3-DF837C407D8D}.Release|Mixed Platforms.Build.0 = Release|Any CPU
		{F9E51034-BEF0-457F-95A3-DF837C407D8D}.Release|x86.ActiveCfg = Release|Any CPU
		{378D0865-782A-4EDC-BA5A-A735F813378B}.Debug|Any CPU.ActiveCfg = Debug|Any CPU
		{378D0865-782A-4EDC-BA5A-A735F813378B}.Debug|Any CPU.Build.0 = Debug|Any CPU
		{378D0865-782A-4EDC-BA5A-A735F813378B}.Debug|Mixed Platforms.ActiveCfg = Debug|Any CPU
		{378D0865-782A-4EDC-BA5A-A735F813378B}.Debug|Mixed Platforms.Build.0 = Debug|Any CPU
		{378D0865-782A-4EDC-BA5A-A735F813378B}.Debug|x86.ActiveCfg = Debug|Any CPU
		{378D0865-782A-4EDC-BA5A-A735F813378B}.Release|Any CPU.ActiveCfg = Release|Any CPU
		{378D0865-782A-4EDC-BA5A-A735F813378B}.Release|Any CPU.Build.0 = Release|Any CPU
		{378D0865-782A-4EDC-BA5A-A735F813378B}.Release|Mixed Platforms.ActiveCfg = Release|Any CPU
		{378D0865-782A-4EDC-BA5A-A735F813378B}.Release|Mixed Platforms.Build.0 = Release|Any CPU
		{378D0865-782A-4EDC-BA5A-A735F813378B}.Release|x86.ActiveCfg = Release|Any CPU
		{E35D9306-A65B-434F-9E10-DCDE2393E97F}.Debug|Any CPU.ActiveCfg = Debug|Any CPU
		{E35D9306-A65B-434F-9E10-DCDE2393E97F}.Debug|Any CPU.Build.0 = Debug|Any CPU
		{E35D9306-A65B-434F-9E10-DCDE2393E97F}.Debug|Mixed Platforms.ActiveCfg = Debug|Any CPU
		{E35D9306-A65B-434F-9E10-DCDE2393E97F}.Debug|Mixed Platforms.Build.0 = Debug|Any CPU
		{E35D9306-A65B-434F-9E10-DCDE2393E97F}.Debug|x86.ActiveCfg = Debug|Any CPU
		{E35D9306-A65B-434F-9E10-DCDE2393E97F}.Release|Any CPU.ActiveCfg = Release|Any CPU
		{E35D9306-A65B-434F-9E10-DCDE2393E97F}.Release|Any CPU.Build.0 = Release|Any CPU
		{E35D9306-A65B-434F-9E10-DCDE2393E97F}.Release|Mixed Platforms.ActiveCfg = Release|Any CPU
		{E35D9306-A65B-434F-9E10-DCDE2393E97F}.Release|Mixed Platforms.Build.0 = Release|Any CPU
		{E35D9306-A65B-434F-9E10-DCDE2393E97F}.Release|x86.ActiveCfg = Release|Any CPU
		{28868AFC-1A64-48C5-A265-811BA7462D99}.Debug|Any CPU.ActiveCfg = Debug|Any CPU
		{28868AFC-1A64-48C5-A265-811BA7462D99}.Debug|Any CPU.Build.0 = Debug|Any CPU
		{28868AFC-1A64-48C5-A265-811BA7462D99}.Debug|Mixed Platforms.ActiveCfg = Debug|Any CPU
		{28868AFC-1A64-48C5-A265-811BA7462D99}.Debug|Mixed Platforms.Build.0 = Debug|Any CPU
		{28868AFC-1A64-48C5-A265-811BA7462D99}.Debug|x86.ActiveCfg = Debug|Any CPU
		{28868AFC-1A64-48C5-A265-811BA7462D99}.Release|Any CPU.ActiveCfg = Release|Any CPU
		{28868AFC-1A64-48C5-A265-811BA7462D99}.Release|Any CPU.Build.0 = Release|Any CPU
		{28868AFC-1A64-48C5-A265-811BA7462D99}.Release|Mixed Platforms.ActiveCfg = Release|Any CPU
		{28868AFC-1A64-48C5-A265-811BA7462D99}.Release|Mixed Platforms.Build.0 = Release|Any CPU
		{28868AFC-1A64-48C5-A265-811BA7462D99}.Release|x86.ActiveCfg = Release|Any CPU
		{973CA44F-77BE-4264-B954-E5B135A4D2E2}.Debug|Any CPU.ActiveCfg = Debug|Any CPU
		{973CA44F-77BE-4264-B954-E5B135A4D2E2}.Debug|Any CPU.Build.0 = Debug|Any CPU
		{973CA44F-77BE-4264-B954-E5B135A4D2E2}.Debug|Mixed Platforms.ActiveCfg = Debug|Any CPU
		{973CA44F-77BE-4264-B954-E5B135A4D2E2}.Debug|Mixed Platforms.Build.0 = Debug|Any CPU
		{973CA44F-77BE-4264-B954-E5B135A4D2E2}.Debug|x86.ActiveCfg = Debug|Any CPU
		{973CA44F-77BE-4264-B954-E5B135A4D2E2}.Release|Any CPU.ActiveCfg = Release|Any CPU
		{973CA44F-77BE-4264-B954-E5B135A4D2E2}.Release|Any CPU.Build.0 = Release|Any CPU
		{973CA44F-77BE-4264-B954-E5B135A4D2E2}.Release|Mixed Platforms.ActiveCfg = Release|Any CPU
		{973CA44F-77BE-4264-B954-E5B135A4D2E2}.Release|Mixed Platforms.Build.0 = Release|Any CPU
		{973CA44F-77BE-4264-B954-E5B135A4D2E2}.Release|x86.ActiveCfg = Release|Any CPU
	EndGlobalSection
	GlobalSection(SolutionProperties) = preSolution
		HideSolutionNode = FALSE
	EndGlobalSection
	GlobalSection(NestedProjects) = preSolution
		{4E57DA7D-6F23-4029-97B7-7A2A173548D3} = {55489C14-C26E-47FB-80E8-D8ED9095D6BB}
		{E35D9306-A65B-434F-9E10-DCDE2393E97F} = {232D8BD9-4F3B-4932-8458-72DA994A1866}
		{9D8E163F-6A5C-4D87-AEDE-EEB4B74D9126} = {232D8BD9-4F3B-4932-8458-72DA994A1866}
		{28868AFC-1A64-48C5-A265-811BA7462D99} = {232D8BD9-4F3B-4932-8458-72DA994A1866}
		{973CA44F-77BE-4264-B954-E5B135A4D2E2} = {232D8BD9-4F3B-4932-8458-72DA994A1866}
	EndGlobalSection
EndGlobal
